
Microsoft Visual Studio Solution File, Format Version 12.00
# Visual Studio Version 17
VisualStudioVersion = 17.4.33205.214
MinimumVisualStudioVersion = 10.0.40219.1
Project("{FAE04EC0-301F-11D3-BF4B-00C04F79EFBC}") = "BinanryNumber", "BinanryNumber\BinanryNumber.csproj", "{A1624E2A-94BB-4CA8-9E57-ADFBEA4498CC}"
EndProject
Global
	GlobalSection(SolutionConfigurationPlatforms) = preSolution
		Debug|Any CPU = Debug|Any CPU
		Release|Any CPU = Release|Any CPU
	EndGlobalSection
	GlobalSection(ProjectConfigurationPlatforms) = postSolution
		{A1624E2A-94BB-4CA8-9E57-ADFBEA4498CC}.Debug|Any CPU.ActiveCfg = Debug|Any CPU
		{A1624E2A-94BB-4CA8-9E57-ADFBEA4498CC}.Debug|Any CPU.Build.0 = Debug|Any CPU
		{A1624E2A-94BB-4CA8-9E57-ADFBEA4498CC}.Release|Any CPU.ActiveCfg = Release|Any CPU
		{A1624E2A-94BB-4CA8-9E57-ADFBEA4498CC}.Release|Any CPU.Build.0 = Release|Any CPU
	EndGlobalSection
	GlobalSection(SolutionProperties) = preSolution
		HideSolutionNode = FALSE
	EndGlobalSection
	GlobalSection(ExtensibilityGlobals) = postSolution
		SolutionGuid = {70C3B5B2-0146-49B3-8055-970A564825FF}
	EndGlobalSection
EndGlobal
